
Microsoft Visual Studio Solution File, Format Version 12.00
# Visual Studio 15
VisualStudioVersion = 15.0.28307.572
MinimumVisualStudioVersion = 10.0.40219.1
Project("{8BC9CEB8-8B4A-11D0-8D11-00A0C91BC942}") = "DXLib", "DXLib.vcxproj", "{44AB66B9-841A-4CD4-9F7B-6A001B3E377F}"
EndProject
Project("{8BC9CEB8-8B4A-11D0-8D11-00A0C91BC942}") = "DXGame2", "..\..\DXGame2\DXGame2\DXGame2.vcxproj", "{6510460F-E759-486F-9995-00E804CDC117}"
EndProject
Project("{2150E333-8FDC-42A3-9474-1A3956D46DE8}") = "3_Sample", "3_Sample", "{E083A8B5-0927-4809-A7C1-6929005EA3ED}"
EndProject
Project("{2150E333-8FDC-42A3-9474-1A3956D46DE8}") = "1_MCore", "1_MCore", "{ACD15260-47FA-4188-AFF4-65078ED79EDC}"
EndProject
Project("{2150E333-8FDC-42A3-9474-1A3956D46DE8}") = "2_Exporter", "2_Exporter", "{A9366AA6-E8C7-434E-B430-D21AD2E742A3}"
EndProject
Project("{2150E333-8FDC-42A3-9474-1A3956D46DE8}") = "4_Tool", "4_Tool", "{4DAFE005-1AD3-41D8-91BE-8F31599BD0A5}"
EndProject
Project("{8BC9CEB8-8B4A-11D0-8D11-00A0C91BC942}") = "BTool", "..\..\Tool\BTool\BTool.vcxproj", "{F9049C1D-5A87-4299-87E2-7AB03E7E27BD}"
EndProject
Project("{8BC9CEB8-8B4A-11D0-8D11-00A0C91BC942}") = "MTool", "..\..\Tool\MTool\MTool.vcxproj", "{37CCEE65-4FFF-41B0-9B3C-EE33AF368B92}"
EndProject
Project("{8BC9CEB8-8B4A-11D0-8D11-00A0C91BC942}") = "OBJExporter", "..\..\Exporter\OBJExporter\OBJExporter.vcxproj", "{5DFDCC4E-59C0-46A9-9631-E8416B58F627}"
EndProject
Project("{8BC9CEB8-8B4A-11D0-8D11-00A0C91BC942}") = "SKTExporter", "..\..\Exporter\SKTExporter\SKTExporter.vcxproj", "{D8D67619-05D0-4F74-B420-0DF2159D2721}"
EndProject
Project("{8BC9CEB8-8B4A-11D0-8D11-00A0C91BC942}") = "KEYExporter", "..\..\Exporter\KEYExporter\KEYExporter.vcxproj", "{276558D4-DD87-495F-82B4-646FBEFD295D}"
EndProject
Global
	GlobalSection(SolutionConfigurationPlatforms) = preSolution
		Debug|x64 = Debug|x64
		Debug|x86 = Debug|x86
		Release|x64 = Release|x64
		Release|x86 = Release|x86
	EndGlobalSection
	GlobalSection(ProjectConfigurationPlatforms) = postSolution
		{44AB66B9-841A-4CD4-9F7B-6A001B3E377F}.Debug|x64.ActiveCfg = Debug|x64
		{44AB66B9-841A-4CD4-9F7B-6A001B3E377F}.Debug|x64.Build.0 = Debug|x64
		{44AB66B9-841A-4CD4-9F7B-6A001B3E377F}.Debug|x86.ActiveCfg = Debug|Win32
		{44AB66B9-841A-4CD4-9F7B-6A001B3E377F}.Debug|x86.Build.0 = Debug|Win32
		{44AB66B9-841A-4CD4-9F7B-6A001B3E377F}.Release|x64.ActiveCfg = Release|x64
		{44AB66B9-841A-4CD4-9F7B-6A001B3E377F}.Release|x64.Build.0 = Release|x64
		{44AB66B9-841A-4CD4-9F7B-6A001B3E377F}.Release|x86.ActiveCfg = Release|Win32
		{44AB66B9-841A-4CD4-9F7B-6A001B3E377F}.Release|x86.Build.0 = Release|Win32
		{6510460F-E759-486F-9995-00E804CDC117}.Debug|x64.ActiveCfg = Debug|x64
		{6510460F-E759-486F-9995-00E804CDC117}.Debug|x64.Build.0 = Debug|x64
		{6510460F-E759-486F-9995-00E804CDC117}.Debug|x86.ActiveCfg = Debug|Win32
		{6510460F-E759-486F-9995-00E804CDC117}.Debug|x86.Build.0 = Debug|Win32
		{6510460F-E759-486F-9995-00E804CDC117}.Release|x64.ActiveCfg = Release|x64
		{6510460F-E759-486F-9995-00E804CDC117}.Release|x64.Build.0 = Release|x64
		{6510460F-E759-486F-9995-00E804CDC117}.Release|x86.ActiveCfg = Release|Win32
		{6510460F-E759-486F-9995-00E804CDC117}.Release|x86.Build.0 = Release|Win32
		{F9049C1D-5A87-4299-87E2-7AB03E7E27BD}.Debug|x64.ActiveCfg = Debug|x64
		{F9049C1D-5A87-4299-87E2-7AB03E7E27BD}.Debug|x64.Build.0 = Debug|x64
		{F9049C1D-5A87-4299-87E2-7AB03E7E27BD}.Debug|x86.ActiveCfg = Debug|Win32
		{F9049C1D-5A87-4299-87E2-7AB03E7E27BD}.Debug|x86.Build.0 = Debug|Win32
		{F9049C1D-5A87-4299-87E2-7AB03E7E27BD}.Release|x64.ActiveCfg = Release|x64
		{F9049C1D-5A87-4299-87E2-7AB03E7E27BD}.Release|x64.Build.0 = Release|x64
		{F9049C1D-5A87-4299-87E2-7AB03E7E27BD}.Release|x86.ActiveCfg = Release|Win32
		{F9049C1D-5A87-4299-87E2-7AB03E7E27BD}.Release|x86.Build.0 = Release|Win32
		{37CCEE65-4FFF-41B0-9B3C-EE33AF368B92}.Debug|x64.ActiveCfg = Debug|x64
		{37CCEE65-4FFF-41B0-9B3C-EE33AF368B92}.Debug|x64.Build.0 = Debug|x64
		{37CCEE65-4FFF-41B0-9B3C-EE33AF368B92}.Debug|x86.ActiveCfg = Debug|Win32
		{37CCEE65-4FFF-41B0-9B3C-EE33AF368B92}.Debug|x86.Build.0 = Debug|Win32
		{37CCEE65-4FFF-41B0-9B3C-EE33AF368B92}.Release|x64.ActiveCfg = Release|x64
		{37CCEE65-4FFF-41B0-9B3C-EE33AF368B92}.Release|x64.Build.0 = Release|x64
		{37CCEE65-4FFF-41B0-9B3C-EE33AF368B92}.Release|x86.ActiveCfg = Release|Win32
		{37CCEE65-4FFF-41B0-9B3C-EE33AF368B92}.Release|x86.Build.0 = Release|Win32
		{5DFDCC4E-59C0-46A9-9631-E8416B58F627}.Debug|x64.ActiveCfg = Debug|x64
		{5DFDCC4E-59C0-46A9-9631-E8416B58F627}.Debug|x64.Build.0 = Debug|x64
		{5DFDCC4E-59C0-46A9-9631-E8416B58F627}.Debug|x86.ActiveCfg = Debug|Win32
		{5DFDCC4E-59C0-46A9-9631-E8416B58F627}.Debug|x86.Build.0 = Debug|Win32
		{5DFDCC4E-59C0-46A9-9631-E8416B58F627}.Release|x64.ActiveCfg = Release|x64
		{5DFDCC4E-59C0-46A9-9631-E8416B58F627}.Release|x64.Build.0 = Release|x64
		{5DFDCC4E-59C0-46A9-9631-E8416B58F627}.Release|x86.ActiveCfg = Release|Win32
		{5DFDCC4E-59C0-46A9-9631-E8416B58F627}.Release|x86.Build.0 = Release|Win32
		{D8D67619-05D0-4F74-B420-0DF2159D2721}.Debug|x64.ActiveCfg = Debug|x64
		{D8D67619-05D0-4F74-B420-0DF2159D2721}.Debug|x64.Build.0 = Debug|x64
		{D8D67619-05D0-4F74-B420-0DF2159D2721}.Debug|x86.ActiveCfg = Debug|Win32
		{D8D67619-05D0-4F74-B420-0DF2159D2721}.Debug|x86.Build.0 = Debug|Win32
		{D8D67619-05D0-4F74-B420-0DF2159D2721}.Release|x64.ActiveCfg = Release|x64
		{D8D67619-05D0-4F74-B420-0DF2159D2721}.Release|x64.Build.0 = Release|x64
		{D8D67619-05D0-4F74-B420-0DF2159D2721}.Release|x86.ActiveCfg = Release|Win32
		{D8D67619-05D0-4F74-B420-0DF2159D2721}.Release|x86.Build.0 = Release|Win32
		{276558D4-DD87-495F-82B4-646FBEFD295D}.Debug|x64.ActiveCfg = Debug|x64
		{276558D4-DD87-495F-82B4-646FBEFD295D}.Debug|x64.Build.0 = Debug|x64
		{276558D4-DD87-495F-82B4-646FBEFD295D}.Debug|x86.ActiveCfg = Debug|Win32
		{276558D4-DD87-495F-82B4-646FBEFD295D}.Debug|x86.Build.0 = Debug|Win32
		{276558D4-DD87-495F-82B4-646FBEFD295D}.Release|x64.ActiveCfg = Release|x64
		{276558D4-DD87-495F-82B4-646FBEFD295D}.Release|x64.Build.0 = Release|x64
		{276558D4-DD87-495F-82B4-646FBEFD295D}.Release|x86.ActiveCfg = Release|Win32
		{276558D4-DD87-495F-82B4-646FBEFD295D}.Release|x86.Build.0 = Release|Win32
	EndGlobalSection
	GlobalSection(SolutionProperties) = preSolution
		HideSolutionNode = FALSE
	EndGlobalSection
	GlobalSection(NestedProjects) = preSolution
		{44AB66B9-841A-4CD4-9F7B-6A001B3E377F} = {ACD15260-47FA-4188-AFF4-65078ED79EDC}
		{6510460F-E759-486F-9995-00E804CDC117} = {E083A8B5-0927-4809-A7C1-6929005EA3ED}
		{F9049C1D-5A87-4299-87E2-7AB03E7E27BD} = {4DAFE005-1AD3-41D8-91BE-8F31599BD0A5}
		{37CCEE65-4FFF-41B0-9B3C-EE33AF368B92} = {4DAFE005-1AD3-41D8-91BE-8F31599BD0A5}
		{5DFDCC4E-59C0-46A9-9631-E8416B58F627} = {A9366AA6-E8C7-434E-B430-D21AD2E742A3}
		{D8D67619-05D0-4F74-B420-0DF2159D2721} = {A9366AA6-E8C7-434E-B430-D21AD2E742A3}
		{276558D4-DD87-495F-82B4-646FBEFD295D} = {A9366AA6-E8C7-434E-B430-D21AD2E742A3}
	EndGlobalSection
	GlobalSection(ExtensibilityGlobals) = postSolution
		SolutionGuid = {9F1940A5-1297-401C-B02A-CE8A22F537AF}
	EndGlobalSection
EndGlobal
