<?xml version="1.0" encoding="utf-8"?>
<Project ToolsVersion="4.0" xmlns="http://schemas.microsoft.com/developer/msbuild/2003">
  <ItemGroup>
    <Filter Include="Sample">
      <UniqueIdentifier>{73edb47a-0c7e-476c-b1b2-3aec33757f2d}</UniqueIdentifier>
    </Filter>
    <Filter Include="MFC">
      <UniqueIdentifier>{47094d07-21ae-4ac9-be97-590cf4b63f2d}</UniqueIdentifier>
    </Filter>
    <Filter Include="resorce">
      <UniqueIdentifier>{67DA6AB6-F800-4c08-8B7A-83BB121AAD01}</UniqueIdentifier>
      <Extensions>rc;ico;cur;bmp;dlg;rc2;rct;bin;rgs;gif;jpg;jpeg;jpe;resx;tiff;tif;png;wav;mfcribbon-ms</Extensions>
    </Filter>
  </ItemGroup>
  <ItemGroup>
    <ClInclude Include="Sample.h">
      <Filter>Sample</Filter>
    </ClInclude>
    <ClInclude Include="BaseTool.h">
      <Filter>MFC</Filter>
    </ClInclude>
    <ClInclude Include="BaseToolDoc.h">
      <Filter>MFC</Filter>
    </ClInclude>
    <ClInclude Include="BaseToolView.h">
      <Filter>MFC</Filter>
    </ClInclude>
    <ClInclude Include="MainFrm.h">
      <Filter>MFC</Filter>
    </ClInclude>
    <ClInclude Include="Resource.h">
      <Filter>MFC</Filter>
    </ClInclude>
    <ClInclude Include="stdafx.h">
      <Filter>MFC</Filter>
    </ClInclude>
    <ClInclude Include="targetver.h">
      <Filter>MFC</Filter>
    </ClInclude>
  </ItemGroup>
  <ItemGroup>
    <ClCompile Include="Sample.cpp">
      <Filter>Sample</Filter>
    </ClCompile>
    <ClCompile Include="BaseTool.cpp">
      <Filter>MFC</Filter>
    </ClCompile>
    <ClCompile Include="BaseToolDoc.cpp">
      <Filter>MFC</Filter>
    </ClCompile>
    <ClCompile Include="BaseToolView.cpp">
      <Filter>MFC</Filter>
    </ClCompile>
    <ClCompile Include="MainFrm.cpp">
      <Filter>MFC</Filter>
    </ClCompile>
    <ClCompile Include="stdafx.cpp">
      <Filter>MFC</Filter>
    </ClCompile>
  </ItemGroup>
  <ItemGroup>
    <ResourceCompile Include="BaseTool.rc">
      <Filter>resorce</Filter>
    </ResourceCompile>
  </ItemGroup>
  <ItemGroup>
    <Image Include="res\userimages.bmp">
      <Filter>resorce</Filter>
    </Image>
    <Image Include="res\BaseToolDoc.ico">
      <Filter>resorce</Filter>
    </Image>
    <Image Include="res\BaseTool.ico">
      <Filter>resorce</Filter>
    </Image>
    <Image Include="res\Toolbar.bmp">
      <Filter>resorce</Filter>
    </Image>
    <Image Include="res\Toolbar256.bmp">
      <Filter>resorce</Filter>
    </Image>
  </ItemGroup>
  <ItemGroup>
    <None Include="res\BaseTool.rc2">
      <Filter>resorce</Filter>
    </None>
  </ItemGroup>
</Project>