<?xml version="1.0" encoding="utf-8"?>
<Project ToolsVersion="4.0" xmlns="http://schemas.microsoft.com/developer/msbuild/2003">
  <ItemGroup>
    <Filter Include="소스 파일">
      <UniqueIdentifier>{4FC737F1-C7A5-4376-A066-2A32D752A2FF}</UniqueIdentifier>
      <Extensions>cpp;c;cc;cxx;def;odl;idl;hpj;bat;asm;asmx</Extensions>
    </Filter>
    <Filter Include="헤더 파일">
      <UniqueIdentifier>{93995380-89BD-4b04-88EB-625FBE52EBFB}</UniqueIdentifier>
      <Extensions>h;hh;hpp;hxx;hm;inl;inc;ipp;xsd</Extensions>
    </Filter>
    <Filter Include="리소스 파일">
      <UniqueIdentifier>{67DA6AB6-F800-4c08-8B7A-83BB121AAD01}</UniqueIdentifier>
      <Extensions>rc;ico;cur;bmp;dlg;rc2;rct;bin;rgs;gif;jpg;jpeg;jpe;resx;tiff;tif;png;wav;mfcribbon-ms</Extensions>
    </Filter>
    <Filter Include="Core">
      <UniqueIdentifier>{fe155e06-ee33-4c7b-b1f9-fa895ae73b1d}</UniqueIdentifier>
    </Filter>
    <Filter Include="Core\Modify">
      <UniqueIdentifier>{81d3a58f-1ec9-4bac-ba45-4c124a055b45}</UniqueIdentifier>
    </Filter>
    <Filter Include="Core\Dialog">
      <UniqueIdentifier>{5619e93e-d871-43e0-a4af-06036170ffdd}</UniqueIdentifier>
    </Filter>
    <Filter Include="Core\Dialog\Map">
      <UniqueIdentifier>{a7b66573-84a8-4c1a-9ca7-085c678c8a10}</UniqueIdentifier>
    </Filter>
    <Filter Include="Core\Dialog\Object">
      <UniqueIdentifier>{72c38221-b822-418e-a409-5bb515d4046e}</UniqueIdentifier>
    </Filter>
  </ItemGroup>
  <ItemGroup>
    <ClInclude Include="MTool.h">
      <Filter>헤더 파일</Filter>
    </ClInclude>
    <ClInclude Include="stdafx.h">
      <Filter>헤더 파일</Filter>
    </ClInclude>
    <ClInclude Include="targetver.h">
      <Filter>헤더 파일</Filter>
    </ClInclude>
    <ClInclude Include="MainFrm.h">
      <Filter>헤더 파일</Filter>
    </ClInclude>
    <ClInclude Include="MToolDoc.h">
      <Filter>헤더 파일</Filter>
    </ClInclude>
    <ClInclude Include="MToolView.h">
      <Filter>헤더 파일</Filter>
    </ClInclude>
    <ClInclude Include="Resource.h">
      <Filter>헤더 파일</Filter>
    </ClInclude>
    <ClInclude Include="PropertiesWnd.h">
      <Filter>헤더 파일</Filter>
    </ClInclude>
    <ClInclude Include="MToolCore.h">
      <Filter>Core</Filter>
    </ClInclude>
    <ClInclude Include="MCanvas.h">
      <Filter>Core\Modify</Filter>
    </ClInclude>
    <ClInclude Include="MPushPull.h">
      <Filter>Core\Modify</Filter>
    </ClInclude>
    <ClInclude Include="MTileing.h">
      <Filter>Core\Modify</Filter>
    </ClInclude>
    <ClInclude Include="MCreateMapDialog.h">
      <Filter>Core\Dialog\Map</Filter>
    </ClInclude>
    <ClInclude Include="MMapCtlForm.h">
      <Filter>Core\Dialog\Map</Filter>
    </ClInclude>
    <ClInclude Include="MMapPane.h">
      <Filter>Core\Dialog\Map</Filter>
    </ClInclude>
    <ClInclude Include="MObjectPane.h">
      <Filter>Core\Dialog\Object</Filter>
    </ClInclude>
    <ClInclude Include="MObjectCtlForm.h">
      <Filter>Core\Dialog\Object</Filter>
    </ClInclude>
    <ClInclude Include="MCreateDeleteInstance.h">
      <Filter>Core\Modify</Filter>
    </ClInclude>
  </ItemGroup>
  <ItemGroup>
    <ClCompile Include="MTool.cpp">
      <Filter>소스 파일</Filter>
    </ClCompile>
    <ClCompile Include="stdafx.cpp">
      <Filter>소스 파일</Filter>
    </ClCompile>
    <ClCompile Include="MainFrm.cpp">
      <Filter>소스 파일</Filter>
    </ClCompile>
    <ClCompile Include="MToolDoc.cpp">
      <Filter>소스 파일</Filter>
    </ClCompile>
    <ClCompile Include="MToolView.cpp">
      <Filter>소스 파일</Filter>
    </ClCompile>
    <ClCompile Include="PropertiesWnd.cpp">
      <Filter>소스 파일</Filter>
    </ClCompile>
    <ClCompile Include="MToolCore.cpp">
      <Filter>Core</Filter>
    </ClCompile>
    <ClCompile Include="MCanvas.cpp">
      <Filter>Core\Modify</Filter>
    </ClCompile>
    <ClCompile Include="MPushPull.cpp">
      <Filter>Core\Modify</Filter>
    </ClCompile>
    <ClCompile Include="MTileing.cpp">
      <Filter>Core\Modify</Filter>
    </ClCompile>
    <ClCompile Include="MCreateMapDialog.cpp">
      <Filter>Core\Dialog\Map</Filter>
    </ClCompile>
    <ClCompile Include="MMapCtlForm.cpp">
      <Filter>Core\Dialog\Map</Filter>
    </ClCompile>
    <ClCompile Include="MMapPane.cpp">
      <Filter>Core\Dialog\Map</Filter>
    </ClCompile>
    <ClCompile Include="MObjectPane.cpp">
      <Filter>Core\Dialog\Object</Filter>
    </ClCompile>
    <ClCompile Include="MObjectCtlForm.cpp">
      <Filter>Core\Dialog\Object</Filter>
    </ClCompile>
    <ClCompile Include="MCreateDeleteInstance.cpp">
      <Filter>Core\Modify</Filter>
    </ClCompile>
  </ItemGroup>
  <ItemGroup>
    <ResourceCompile Include="MTool.rc">
      <Filter>리소스 파일</Filter>
    </ResourceCompile>
  </ItemGroup>
  <ItemGroup>
    <Image Include="res\properties_wnd.ico">
      <Filter>리소스 파일</Filter>
    </Image>
    <Image Include="res\properties_wnd_hc.ico">
      <Filter>리소스 파일</Filter>
    </Image>
    <Image Include="res\properties.bmp">
      <Filter>리소스 파일</Filter>
    </Image>
    <Image Include="res\properties_hc.bmp">
      <Filter>리소스 파일</Filter>
    </Image>
    <Image Include="res\userimages.bmp">
      <Filter>리소스 파일</Filter>
    </Image>
    <Image Include="res\MToolDoc.ico">
      <Filter>리소스 파일</Filter>
    </Image>
    <Image Include="res\MTool.ico">
      <Filter>리소스 파일</Filter>
    </Image>
    <Image Include="res\Toolbar.bmp">
      <Filter>리소스 파일</Filter>
    </Image>
    <Image Include="res\Toolbar256.bmp">
      <Filter>리소스 파일</Filter>
    </Image>
  </ItemGroup>
  <ItemGroup>
    <None Include="res\MTool.rc2">
      <Filter>리소스 파일</Filter>
    </None>
  </ItemGroup>
  <ItemGroup>
    <FxCompile Include="..\brush\eraser.vsh">
      <Filter>Core\Modify</Filter>
    </FxCompile>
    <FxCompile Include="..\brush\canvas.vsh">
      <Filter>Core\Modify</Filter>
    </FxCompile>
  </ItemGroup>
</Project>